
Microsoft Visual Studio Solution File, Format Version 12.00
# Visual Studio 2012
Project("{FAE04EC0-301F-11D3-BF4B-00C04F79EFBC}") = "LibrarySystem", "LibrarySystem\LibrarySystem.csproj", "{8070ED6D-5049-4987-8249-B84EE5162ED9}"
EndProject
Project("{FAE04EC0-301F-11D3-BF4B-00C04F79EFBC}") = "LibraryEngine", "LibraryEngine\LibraryEngine.csproj", "{46B9E526-310B-41EC-9F37-61E17DAE4E93}"
EndProject
Project("{FAE04EC0-301F-11D3-BF4B-00C04F79EFBC}") = "LibraryDataAccess", "LibraryDataAccess\LibraryDataAccess.csproj", "{F782FB14-C060-426B-80BB-EC86FEDAF855}"
EndProject
Global
	GlobalSection(SolutionConfigurationPlatforms) = preSolution
		Debug|Any CPU = Debug|Any CPU
		Release|Any CPU = Release|Any CPU
	EndGlobalSection
	GlobalSection(ProjectConfigurationPlatforms) = postSolution
		{8070ED6D-5049-4987-8249-B84EE5162ED9}.Debug|Any CPU.ActiveCfg = Debug|Any CPU
		{8070ED6D-5049-4987-8249-B84EE5162ED9}.Debug|Any CPU.Build.0 = Debug|Any CPU
		{8070ED6D-5049-4987-8249-B84EE5162ED9}.Release|Any CPU.ActiveCfg = Release|Any CPU
		{8070ED6D-5049-4987-8249-B84EE5162ED9}.Release|Any CPU.Build.0 = Release|Any CPU
		{46B9E526-310B-41EC-9F37-61E17DAE4E93}.Debug|Any CPU.ActiveCfg = Debug|Any CPU
		{46B9E526-310B-41EC-9F37-61E17DAE4E93}.Debug|Any CPU.Build.0 = Debug|Any CPU
		{46B9E526-310B-41EC-9F37-61E17DAE4E93}.Release|Any CPU.ActiveCfg = Release|Any CPU
		{46B9E526-310B-41EC-9F37-61E17DAE4E93}.Release|Any CPU.Build.0 = Release|Any CPU
		{F782FB14-C060-426B-80BB-EC86FEDAF855}.Debug|Any CPU.ActiveCfg = Debug|Any CPU
		{F782FB14-C060-426B-80BB-EC86FEDAF855}.Debug|Any CPU.Build.0 = Debug|Any CPU
		{F782FB14-C060-426B-80BB-EC86FEDAF855}.Release|Any CPU.ActiveCfg = Release|Any CPU
		{F782FB14-C060-426B-80BB-EC86FEDAF855}.Release|Any CPU.Build.0 = Release|Any CPU
	EndGlobalSection
	GlobalSection(SolutionProperties) = preSolution
		HideSolutionNode = FALSE
	EndGlobalSection
EndGlobal
